PODS:
  - CLPlayer (1.0.5):
    - Masonry
  - JSONModel (1.2.0)
  - Masonry (1.0.2)
  - MBProgressHUD (0.9.2)
  - MJRefresh (3.1.12)
  - SDWebImage (3.8.2):
    - SDWebImage/Core (= 3.8.2)
  - SDWebImage/Core (3.8.2)
  - Toast (2.4)
  - UIActionSheet+Blocks (0.8.1)
  - UIAlertView+Blocks (0.8.1)

DEPENDENCIES:
  - CLPlayer
  - JSONModel (= 1.2)
  - MBProgressHUD (~> 0.9)
  - MJRefresh
  - SDWebImage (~> 3.8)
  - Toast (~> 2.4)
  - UIActionSheet+Blocks (= 0.8.1)
  - UIAlertView+Blocks (= 0.8.1)

SPEC CHECKSUMS:
  CLPlayer: 72ad75eb290f3c8c4163955cfa396141d6a679ba
  JSONModel: 12523685c4b623553ccf844bbbf7007624317b2c
  Masonry: 7c429b56da9d4ee0bbb3ed77a5ea710d6a5df39e
  MBProgressHUD: 1569cf7ace17a8bac47aabfbb8580a49690386d1
  MJRefresh: b96cdb21c4aa75a7b07654311ab2f315c497e806
  SDWebImage: 098e97e6176540799c27e804c96653ee0833d13c
  Toast: 0773b8fc0e97352ca6054517bec7ebdd4110029d
  UIActionSheet+Blocks: 7fdab45fc8f15ac2dc1cd65af1470746600b5f46
  UIAlertView+Blocks: 45c3d3b7194906702d3e9a14c7ece5581505646d

PODFILE CHECKSUM: fea53a8cfbde4f0ed5b3cc8a8bf1baeb72159c87

COCOAPODS: 1.2.1
